
Microsoft Visual Studio Solution File, Format Version 12.00
# Visual Studio Version 16
VisualStudioVersion = 16.0.30907.101
MinimumVisualStudioVersion = 10.0.40219.1
Project("{FAE04EC0-301F-11D3-BF4B-00C04F79EFBC}") = "BookStore", "BookStore\BookStore.csproj", "{FA58BF81-BC36-4248-965D-5FB1F3F120E4}"
EndProject
Global
	GlobalSection(SolutionConfigurationPlatforms) = preSolution
		Debug|Any CPU = Debug|Any CPU
		Release|Any CPU = Release|Any CPU
	EndGlobalSection
	GlobalSection(ProjectConfigurationPlatforms) = postSolution
		{FA58BF81-BC36-4248-965D-5FB1F3F120E4}.Debug|Any CPU.ActiveCfg = Debug|Any CPU
		{FA58BF81-BC36-4248-965D-5FB1F3F120E4}.Debug|Any CPU.Build.0 = Debug|Any CPU
		{FA58BF81-BC36-4248-965D-5FB1F3F120E4}.Release|Any CPU.ActiveCfg = Release|Any CPU
		{FA58BF81-BC36-4248-965D-5FB1F3F120E4}.Release|Any CPU.Build.0 = Release|Any CPU
	EndGlobalSection
	GlobalSection(SolutionProperties) = preSolution
		HideSolutionNode = FALSE
	EndGlobalSection
	GlobalSection(ExtensibilityGlobals) = postSolution
		SolutionGuid = {8B1B0C63-F0AF-4FDD-9BC6-1120FB7B3292}
	EndGlobalSection
EndGlobal
